
Microsoft Visual Studio Solution File, Format Version 12.00
# Visual Studio Version 16
VisualStudioVersion = 16.0.31205.134
MinimumVisualStudioVersion = 10.0.40219.1
Project("{FAE04EC0-301F-11D3-BF4B-00C04F79EFBC}") = "Api", "Api\Api.csproj", "{6F6EA839-C70C-4250-9752-D22820F29F69}"
EndProject
Project("{FAE04EC0-301F-11D3-BF4B-00C04F79EFBC}") = "Core", "Core\Core.csproj", "{0569850A-6CF7-4522-B41C-091F91A745D0}"
EndProject
Project("{FAE04EC0-301F-11D3-BF4B-00C04F79EFBC}") = "Infrastructure", "Infrastructure\Infrastructure.csproj", "{9E298C16-0681-4B9D-97CF-CD340BD8010D}"
EndProject
Global
	GlobalSection(SolutionConfigurationPlatforms) = preSolution
		Debug|Any CPU = Debug|Any CPU
		Release|Any CPU = Release|Any CPU
	EndGlobalSection
	GlobalSection(ProjectConfigurationPlatforms) = postSolution
		{6F6EA839-C70C-4250-9752-D22820F29F69}.Debug|Any CPU.ActiveCfg = Debug|Any CPU
		{6F6EA839-C70C-4250-9752-D22820F29F69}.Debug|Any CPU.Build.0 = Debug|Any CPU
		{6F6EA839-C70C-4250-9752-D22820F29F69}.Release|Any CPU.ActiveCfg = Release|Any CPU
		{6F6EA839-C70C-4250-9752-D22820F29F69}.Release|Any CPU.Build.0 = Release|Any CPU
		{0569850A-6CF7-4522-B41C-091F91A745D0}.Debug|Any CPU.ActiveCfg = Debug|Any CPU
		{0569850A-6CF7-4522-B41C-091F91A745D0}.Debug|Any CPU.Build.0 = Debug|Any CPU
		{0569850A-6CF7-4522-B41C-091F91A745D0}.Release|Any CPU.ActiveCfg = Release|Any CPU
		{0569850A-6CF7-4522-B41C-091F91A745D0}.Release|Any CPU.Build.0 = Release|Any CPU
		{9E298C16-0681-4B9D-97CF-CD340BD8010D}.Debug|Any CPU.ActiveCfg = Debug|Any CPU
		{9E298C16-0681-4B9D-97CF-CD340BD8010D}.Debug|Any CPU.Build.0 = Debug|Any CPU
		{9E298C16-0681-4B9D-97CF-CD340BD8010D}.Release|Any CPU.ActiveCfg = Release|Any CPU
		{9E298C16-0681-4B9D-97CF-CD340BD8010D}.Release|Any CPU.Build.0 = Release|Any CPU
	EndGlobalSection
	GlobalSection(SolutionProperties) = preSolution
		HideSolutionNode = FALSE
	EndGlobalSection
	GlobalSection(ExtensibilityGlobals) = postSolution
		SolutionGuid = {508752D0-E7B0-4DB1-9AAD-538C3ED6E29A}
	EndGlobalSection
EndGlobal
